
Microsoft Visual Studio Solution File, Format Version 12.00
# Visual Studio Version 17
VisualStudioVersion = 17.8.34309.116
MinimumVisualStudioVersion = 10.0.40219.1
Project("{9A19103F-16F7-4668-BE54-9A1E7A4F7556}") = "MvcCore", "MvcCore\MvcCore.csproj", "{E9F58B00-C9F5-47E9-A1C4-5953AE0D32F8}"
EndProject
Global
	GlobalSection(SolutionConfigurationPlatforms) = preSolution
		Debug|Any CPU = Debug|Any CPU
		Release|Any CPU = Release|Any CPU
	EndGlobalSection
	GlobalSection(ProjectConfigurationPlatforms) = postSolution
		{E9F58B00-C9F5-47E9-A1C4-5953AE0D32F8}.Debug|Any CPU.ActiveCfg = Debug|Any CPU
		{E9F58B00-C9F5-47E9-A1C4-5953AE0D32F8}.Debug|Any CPU.Build.0 = Debug|Any CPU
		{E9F58B00-C9F5-47E9-A1C4-5953AE0D32F8}.Release|Any CPU.ActiveCfg = Release|Any CPU
		{E9F58B00-C9F5-47E9-A1C4-5953AE0D32F8}.Release|Any CPU.Build.0 = Release|Any CPU
	EndGlobalSection
	GlobalSection(SolutionProperties) = preSolution
		HideSolutionNode = FALSE
	EndGlobalSection
	GlobalSection(ExtensibilityGlobals) = postSolution
		SolutionGuid = {31D55E8B-5D5C-47F1-878B-0B4A65CE5C3E}
	EndGlobalSection
EndGlobal
